// !$*UTF8*$!
{
	archiveVersion = 1;
	classes = {
	};
	objectVersion = 56;
	objects = {

/* Begin PBXBuildFile section */
		183F535528E7952100009481 /* avfucking_audioApp.swift in Sources */ = {isa = PBXBuildFile; fileRef = 183F535428E7952100009481 /* avfucking_audioApp.swift */; };
		183F535728E7952100009481 /* ContentView.swift in Sources */ = {isa = PBXBuildFile; fileRef = 183F535628E7952100009481 /* ContentView.swift */; };
		183F535928E7952200009481 /* Assets.xcassets in Resources */ = {isa = PBXBuildFile; fileRef = 183F535828E7952200009481 /* Assets.xcassets */; };
		183F535C28E7952200009481 /* Preview Assets.xcassets in Resources */ = {isa = PBXBuildFile; fileRef = 183F535B28E7952200009481 /* Preview Assets.xcassets */; };
		183F536528E7963100009481 /* 808Clap.wav in Resources */ = {isa = PBXBuildFile; fileRef = 183F536428E7963100009481 /* 808Clap.wav */; };
		183F536828E798D700009481 /* AudioPlayer.swift in Sources */ = {isa = PBXBuildFile; fileRef = 183F536728E798D700009481 /* AudioPlayer.swift */; };
		183F536A28E79F7800009481 /* Kick.wav in Resources */ = {isa = PBXBuildFile; fileRef = 183F536928E79F7800009481 /* Kick.wav */; };
		183F536C28E7A8F200009481 /* CHat.wav in Resources */ = {isa = PBXBuildFile; fileRef = 183F536B28E7A8F200009481 /* CHat.wav */; };
		183F536E28E7A93000009481 /* OHat.wav in Resources */ = {isa = PBXBuildFile; fileRef = 183F536D28E7A93000009481 /* OHat.wav */; };
/* End PBXBuildFile section */

/* Begin PBXFileReference section */
		183F535128E7952100009481 /* avfucking-audio.app */ = {isa = PBXFileReference; explicitFileType = wrapper.application; includeInIndex = 0; path = "avfucking-audio.app"; sourceTree = BUILT_PRODUCTS_DIR; };
		183F535428E7952100009481 /* avfucking_audioApp.swift */ = {isa = PBXFileReference; lastKnownFileType = sourcecode.swift; path = avfucking_audioApp.swift; sourceTree = "<group>"; };
		183F535628E7952100009481 /* ContentView.swift */ = {isa = PBXFileReference; lastKnownFileType = sourcecode.swift; path = ContentView.swift; sourceTree = "<group>"; };
		183F535828E7952200009481 /* Assets.xcassets */ = {isa = PBXFileReference; lastKnownFileType = folder.assetcatalog; path = Assets.xcassets; sourceTree = "<group>"; };
		183F535B28E7952200009481 /* Preview Assets.xcassets */ = {isa = PBXFileReference; lastKnownFileType = folder.assetcatalog; path = "Preview Assets.xcassets"; sourceTree = "<group>"; };
		183F536428E7963100009481 /* 808Clap.wav */ = {isa = PBXFileReference; explicitFileType = audio.wav; name = 808Clap.wav; path = Assets.xcassets/808Clap.dataset/808Clap.wav; sourceTree = "<group>"; };
		183F536728E798D700009481 /* AudioPlayer.swift */ = {isa = PBXFileReference; lastKnownFileType = sourcecode.swift; path = AudioPlayer.swift; sourceTree = "<group>"; };
		183F536928E79F7800009481 /* Kick.wav */ = {isa = PBXFileReference; lastKnownFileType = audio.wav; path = Kick.wav; sourceTree = "<group>"; };
		183F536B28E7A8F200009481 /* CHat.wav */ = {isa = PBXFileReference; lastKnownFileType = audio.wav; path = CHat.wav; sourceTree = "<group>"; };
		183F536D28E7A93000009481 /* OHat.wav */ = {isa = PBXFileReference; lastKnownFileType = audio.wav; path = OHat.wav; sourceTree = "<group>"; };
/* End PBXFileReference section */

/* Begin PBXFrameworksBuildPhase section */
		183F534E28E7952100009481 /* Frameworks */ = {
			isa = PBXFrameworksBuildPhase;
			buildActionMask = 2147483647;
			files = (
			);
			runOnlyForDeploymentPostprocessing = 0;
		};
/* End PBXFrameworksBuildPhase section */

/* Begin PBXGroup section */
		183F534828E7952100009481 = {
			isa = PBXGroup;
			children = (
				183F536628E7989400009481 /* audio-players */,
				183F535328E7952100009481 /* avfucking-audio */,
				183F535228E7952100009481 /* Products */,
			);
			sourceTree = "<group>";
		};
		183F535228E7952100009481 /* Products */ = {
			isa = PBXGroup;
			children = (
				183F535128E7952100009481 /* avfucking-audio.app */,
			);
			name = Products;
			sourceTree = "<group>";
		};
		183F535328E7952100009481 /* avfucking-audio */ = {
			isa = PBXGroup;
			children = (
				183F535428E7952100009481 /* avfucking_audioApp.swift */,
				183F535628E7952100009481 /* ContentView.swift */,
				183F535828E7952200009481 /* Assets.xcassets */,
				183F536928E79F7800009481 /* Kick.wav */,
				183F536B28E7A8F200009481 /* CHat.wav */,
				183F536428E7963100009481 /* 808Clap.wav */,
				183F536D28E7A93000009481 /* OHat.wav */,
				183F535A28E7952200009481 /* Preview Content */,
			);
			path = "avfucking-audio";
			sourceTree = "<group>";
		};
		183F535A28E7952200009481 /* Preview Content */ = {
			isa = PBXGroup;
			children = (
				183F535B28E7952200009481 /* Preview Assets.xcassets */,
			);
			path = "Preview Content";
			sourceTree = "<group>";
		};
		183F536628E7989400009481 /* audio-players */ = {
			isa = PBXGroup;
			children = (
				183F536728E798D700009481 /* AudioPlayer.swift */,
			);
			path = "audio-players";
			sourceTree = "<group>";
		};
/* End PBXGroup section */

/* Begin PBXNativeTarget section */
		183F535028E7952100009481 /* avfucking-audio */ = {
			isa = PBXNativeTarget;
			buildConfigurationList = 183F535F28E7952200009481 /* Build configuration list for PBXNativeTarget "avfucking-audio" */;
			buildPhases = (
				183F534D28E7952100009481 /* Sources */,
				183F534E28E7952100009481 /* Frameworks */,
				183F534F28E7952100009481 /* Resources */,
			);
			buildRules = (
			);
			dependencies = (
			);
			name = "avfucking-audio";
			productName = "avfucking-audio";
			productReference = 183F535128E7952100009481 /* avfucking-audio.app */;
			productType = "com.apple.product-type.application";
		};
/* End PBXNativeTarget section */

/* Begin PBXProject section */
		183F534928E7952100009481 /* Project object */ = {
			isa = PBXProject;
			attributes = {
				BuildIndependentTargetsInParallel = 1;
				LastSwiftUpdateCheck = 1400;
				LastUpgradeCheck = 1400;
				TargetAttributes = {
					183F535028E7952100009481 = {
						CreatedOnToolsVersion = 14.0.1;
					};
				};
			};
			buildConfigurationList = 183F534C28E7952100009481 /* Build configuration list for PBXProject "avfucking-audio" */;
			compatibilityVersion = "Xcode 14.0";
			developmentRegion = en;
			hasScannedForEncodings = 0;
			knownRegions = (
				en,
				Base,
			);
			mainGroup = 183F534828E7952100009481;
			productRefGroup = 183F535228E7952100009481 /* Products */;
			projectDirPath = "";
			projectRoot = "";
			targets = (
				183F535028E7952100009481 /* avfucking-audio */,
			);
		};
/* End PBXProject section */

/* Begin PBXResourcesBuildPhase section */
		183F534F28E7952100009481 /* Resources */ = {
			isa = PBXResourcesBuildPhase;
			buildActionMask = 2147483647;
			files = (
				183F536528E7963100009481 /* 808Clap.wav in Resources */,
				183F536C28E7A8F200009481 /* CHat.wav in Resources */,
				183F535C28E7952200009481 /* Preview Assets.xcassets in Resources */,
				183F536A28E79F7800009481 /* Kick.wav in Resources */,
				183F536E28E7A93000009481 /* OHat.wav in Resources */,
				183F535928E7952200009481 /* Assets.xcassets in Resources */,
			);
			runOnlyForDeploymentPostprocessing = 0;
		};
/* End PBXResourcesBuildPhase section */

/* Begin PBXSourcesBuildPhase section */
		183F534D28E7952100009481 /* Sources */ = {
			isa = PBXSourcesBuildPhase;
			buildActionMask = 2147483647;
			files = (
				183F535728E7952100009481 /* ContentView.swift in Sources */,
				183F535528E7952100009481 /* avfucking_audioApp.swift in Sources */,
				183F536828E798D700009481 /* AudioPlayer.swift in Sources */,
			);
			runOnlyForDeploymentPostprocessing = 0;
		};
/* End PBXSourcesBuildPhase section */

/* Begin XCBuildConfiguration section */
		183F535D28E7952200009481 /* Debug */ = {
			isa = XCBuildConfiguration;
			buildSettings = {
				ALWAYS_SEARCH_USER_PATHS = NO;
				CLANG_ANALYZER_NONNULL = YES;
				CLANG_ANALYZER_NUMBER_OBJECT_CONVERSION = YES_AGGRESSIVE;
				CLANG_CXX_LANGUAGE_STANDARD = "gnu++20";
				CLANG_ENABLE_MODULES = YES;
				CLANG_ENABLE_OBJC_ARC = YES;
				CLANG_ENABLE_OBJC_WEAK = YES;
				CLANG_WARN_BLOCK_CAPTURE_AUTORELEASING = YES;
				CLANG_WARN_BOOL_CONVERSION = YES;
				CLANG_WARN_COMMA = YES;
				CLANG_WARN_CONSTANT_CONVERSION = YES;
				CLANG_WARN_DEPRECATED_OBJC_IMPLEMENTATIONS = YES;
				CLANG_WARN_DIRECT_OBJC_ISA_USAGE = YES_ERROR;
				CLANG_WARN_DOCUMENTATION_COMMENTS = YES;
				CLANG_WARN_EMPTY_BODY = YES;
				CLANG_WARN_ENUM_CONVERSION = YES;
				CLANG_WARN_INFINITE_RECURSION = YES;
				CLANG_WARN_INT_CONVERSION = YES;
				CLANG_WARN_NON_LITERAL_NULL_CONVERSION = YES;
				CLANG_WARN_OBJC_IMPLICIT_RETAIN_SELF = YES;
				CLANG_WARN_OBJC_LITERAL_CONVERSION = YES;
				CLANG_WARN_OBJC_ROOT_CLASS = YES_ERROR;
				CLANG_WARN_QUOTED_INCLUDE_IN_FRAMEWORK_HEADER = YES;
				CLANG_WARN_RANGE_LOOP_ANALYSIS = YES;
				CLANG_WARN_STRICT_PROTOTYPES = YES;
				CLANG_WARN_SUSPICIOUS_MOVE = YES;
				CLANG_WARN_UNGUARDED_AVAILABILITY = YES_AGGRESSIVE;
				CLANG_WARN_UNREACHABLE_CODE = YES;
				CLANG_WARN__DUPLICATE_METHOD_MATCH = YES;
				COPY_PHASE_STRIP = NO;
				DEBUG_INFORMATION_FORMAT = dwarf;
				ENABLE_STRICT_OBJC_MSGSEND = YES;
				ENABLE_TESTABILITY = YES;
				GCC_C_LANGUAGE_STANDARD = gnu11;
				GCC_DYNAMIC_NO_PIC = NO;
				GCC_NO_COMMON_BLOCKS = YES;
				GCC_OPTIMIZATION_LEVEL = 0;
				GCC_PREPROCESSOR_DEFINITIONS = (
					"DEBUG=1",
					"$(inherited)",
				);
				GCC_WARN_64_TO_32_BIT_CONVERSION = YES;
				GCC_WARN_ABOUT_RETURN_TYPE = YES_ERROR;
				GCC_WARN_UNDECLARED_SELECTOR = YES;
				GCC_WARN_UNINITIALIZED_AUTOS = YES_AGGRESSIVE;
				GCC_WARN_UNUSED_FUNCTION = YES;
				GCC_WARN_UNUSED_VARIABLE = YES;
				IPHONEOS_DEPLOYMENT_TARGET = 16.0;
				MTL_ENABLE_DEBUG_INFO = INCLUDE_SOURCE;
				MTL_FAST_MATH = YES;
				ONLY_ACTIVE_ARCH = YES;
				SDKROOT = iphoneos;
				SWIFT_ACTIVE_COMPILATION_CONDITIONS = DEBUG;
				SWIFT_OPTIMIZATION_LEVEL = "-Onone";
			};
			name = Debug;
		};
		183F535E28E7952200009481 /* Release */ = {
			isa = XCBuildConfiguration;
			buildSettings = {
				ALWAYS_SEARCH_USER_PATHS = NO;
				CLANG_ANALYZER_NONNULL = YES;
				CLANG_ANALYZER_NUMBER_OBJECT_CONVERSION = YES_AGGRESSIVE;
				CLANG_CXX_LANGUAGE_STANDARD = "gnu++20";
				CLANG_ENABLE_MODULES = YES;
				CLANG_ENABLE_OBJC_ARC = YES;
				CLANG_ENABLE_OBJC_WEAK = YES;
				CLANG_WARN_BLOCK_CAPTURE_AUTORELEASING = YES;
				CLANG_WARN_BOOL_CONVERSION = YES;
				CLANG_WARN_COMMA = YES;
				CLANG_WARN_CONSTANT_CONVERSION = YES;
				CLANG_WARN_DEPRECATED_OBJC_IMPLEMENTATIONS = YES;
				CLANG_WARN_DIRECT_OBJC_ISA_USAGE = YES_ERROR;
				CLANG_WARN_DOCUMENTATION_COMMENTS = YES;
				CLANG_WARN_EMPTY_BODY = YES;
				CLANG_WARN_ENUM_CONVERSION = YES;
				CLANG_WARN_INFINITE_RECURSION = YES;
				CLANG_WARN_INT_CONVERSION = YES;
				CLANG_WARN_NON_LITERAL_NULL_CONVERSION = YES;
				CLANG_WARN_OBJC_IMPLICIT_RETAIN_SELF = YES;
				CLANG_WARN_OBJC_LITERAL_CONVERSION = YES;
				CLANG_WARN_OBJC_ROOT_CLASS = YES_ERROR;
				CLANG_WARN_QUOTED_INCLUDE_IN_FRAMEWORK_HEADER = YES;
				CLANG_WARN_RANGE_LOOP_ANALYSIS = YES;
				CLANG_WARN_STRICT_PROTOTYPES = YES;
				CLANG_WARN_SUSPICIOUS_MOVE = YES;
				CLANG_WARN_UNGUARDED_AVAILABILITY = YES_AGGRESSIVE;
				CLANG_WARN_UNREACHABLE_CODE = YES;
				CLANG_WARN__DUPLICATE_METHOD_MATCH = YES;
				COPY_PHASE_STRIP = NO;
				DEBUG_INFORMATION_FORMAT = "dwarf-with-dsym";
				ENABLE_NS_ASSERTIONS = NO;
				ENABLE_STRICT_OBJC_MSGSEND = YES;
				GCC_C_LANGUAGE_STANDARD = gnu11;
				GCC_NO_COMMON_BLOCKS = YES;
				GCC_WARN_64_TO_32_BIT_CONVERSION = YES;
				GCC_WARN_ABOUT_RETURN_TYPE = YES_ERROR;
				GCC_WARN_UNDECLARED_SELECTOR = YES;
				GCC_WARN_UNINITIALIZED_AUTOS = YES_AGGRESSIVE;
				GCC_WARN_UNUSED_FUNCTION = YES;
				GCC_WARN_UNUSED_VARIABLE = YES;
				IPHONEOS_DEPLOYMENT_TARGET = 16.0;
				MTL_ENABLE_DEBUG_INFO = NO;
				MTL_FAST_MATH = YES;
				SDKROOT = iphoneos;
				SWIFT_COMPILATION_MODE = wholemodule;
				SWIFT_OPTIMIZATION_LEVEL = "-O";
				VALIDATE_PRODUCT = YES;
			};
			name = Release;
		};
		183F536028E7952200009481 /* Debug */ = {
			isa = XCBuildConfiguration;
			buildSettings = {
				ASSETCATALOG_COMPILER_APPICON_NAME = AppIcon;
				ASSETCATALOG_COMPILER_GLOBAL_ACCENT_COLOR_NAME = AccentColor;
				CODE_SIGN_STYLE = Automatic;
				CURRENT_PROJECT_VERSION = 1;
				DEVELOPMENT_ASSET_PATHS = "\"avfucking-audio/Preview Content\"";
				DEVELOPMENT_TEAM = VMVQ575S4L;
				ENABLE_PREVIEWS = YES;
				GENERATE_INFOPLIST_FILE = YES;
				INFOPLIST_KEY_UIApplicationSceneManifest_Generation = YES;
				INFOPLIST_KEY_UIApplicationSupportsIndirectInputEvents = YES;
				INFOPLIST_KEY_UILaunchScreen_Generation = YES;
				INFOPLIST_KEY_UISupportedInterfaceOrientations_iPad = "UIInterfaceOrientationPortrait UIInterfaceOrientationPortraitUpsideDown UIInterfaceOrientationLandscapeLeft UIInterfaceOrientationLandscapeRight";
				INFOPLIST_KEY_UISupportedInterfaceOrientations_iPhone = "UIInterfaceOrientationPortrait UIInterfaceOrientationLandscapeLeft UIInterfaceOrientationLandscapeRight";
				LD_RUNPATH_SEARCH_PATHS = (
					"$(inherited)",
					"@executable_path/Frameworks",
				);
				MARKETING_VERSION = 1.0;
				PRODUCT_BUNDLE_IDENTIFIER = "io.gssp.avfucking-audio";
				PRODUCT_NAME = "$(TARGET_NAME)";
				SWIFT_EMIT_LOC_STRINGS = YES;
				SWIFT_VERSION = 5.0;
				TARGETED_DEVICE_FAMILY = "1,2";
			};
			name = Debug;
		};
		183F536128E7952200009481 /* Release */ = {
			isa = XCBuildConfiguration;
			buildSettings = {
				ASSETCATALOG_COMPILER_APPICON_NAME = AppIcon;
				ASSETCATALOG_COMPILER_GLOBAL_ACCENT_COLOR_NAME = AccentColor;
				CODE_SIGN_STYLE = Automatic;
				CURRENT_PROJECT_VERSION = 1;
				DEVELOPMENT_ASSET_PATHS = "\"avfucking-audio/Preview Content\"";
				DEVELOPMENT_TEAM = VMVQ575S4L;
				ENABLE_PREVIEWS = YES;
				GENERATE_INFOPLIST_FILE = YES;
				INFOPLIST_KEY_UIApplicationSceneManifest_Generation = YES;
				INFOPLIST_KEY_UIApplicationSupportsIndirectInputEvents = YES;
				INFOPLIST_KEY_UILaunchScreen_Generation = YES;
				INFOPLIST_KEY_UISupportedInterfaceOrientations_iPad = "UIInterfaceOrientationPortrait UIInterfaceOrientationPortraitUpsideDown UIInterfaceOrientationLandscapeLeft UIInterfaceOrientationLandscapeRight";
				INFOPLIST_KEY_UISupportedInterfaceOrientations_iPhone = "UIInterfaceOrientationPortrait UIInterfaceOrientationLandscapeLeft UIInterfaceOrientationLandscapeRight";
				LD_RUNPATH_SEARCH_PATHS = (
					"$(inherited)",
					"@executable_path/Frameworks",
				);
				MARKETING_VERSION = 1.0;
				PRODUCT_BUNDLE_IDENTIFIER = "io.gssp.avfucking-audio";
				PRODUCT_NAME = "$(TARGET_NAME)";
				SWIFT_EMIT_LOC_STRINGS = YES;
				SWIFT_VERSION = 5.0;
				TARGETED_DEVICE_FAMILY = "1,2";
			};
			name = Release;
		};
/* End XCBuildConfiguration section */

/* Begin XCConfigurationList section */
		183F534C28E7952100009481 /* Build configuration list for PBXProject "avfucking-audio" */ = {
			isa = XCConfigurationList;
			buildConfigurations = (
				183F535D28E7952200009481 /* Debug */,
				183F535E28E7952200009481 /* Release */,
			);
			defaultConfigurationIsVisible = 0;
			defaultConfigurationName = Release;
		};
		183F535F28E7952200009481 /* Build configuration list for PBXNativeTarget "avfucking-audio" */ = {
			isa = XCConfigurationList;
			buildConfigurations = (
				183F536028E7952200009481 /* Debug */,
				183F536128E7952200009481 /* Release */,
			);
			defaultConfigurationIsVisible = 0;
			defaultConfigurationName = Release;
		};
/* End XCConfigurationList section */
	};
	rootObject = 183F534928E7952100009481 /* Project object */;
}
